github.com/kardianos/service v1.2.4 h1:XNlGtZOYNx2u91urOdg/Kfmc+gfmuIo1Dd3rEi2OgBk=
github.com/kardianos/service v1.2.4/go.mod h1:E4V9ufUuY82F7Ztlu1eN9VXWIQxg8NoLQlmFe0MtrXc=
github.com/moutend/go-hook v0.1.0 h1:8jGA7zxtcNmiFrHf+KAGpSBbU99fyY9DS1s38MOBJQU=
github.com/moutend/go-hook v0.1.0/go.mod h1:rGHmQESfHpsztJ6jbDoaiCgesGdZttObFlY/ksHIlY4=
golang.org/x/sys v0.34.0 h1:H5Y5sJ2L2JRdyv7ROF1he/lPdvFsd0mJHFw2ThKHxLA=
golang.org/x/sys v0.34.0/go.mod h1:BJP2sWEmIv4KK5OTEluFJCKSidICx8ciO85XgH3Ak8k=
